// !$*UTF8*$!
{
	archiveVersion = 1;
	classes = {
	};
	objectVersion = 48;
	objects = {

/* Begin PBXBuildFile section */
		DF26ECC21FA8D0EB007119C5 /* NewFriendViewController.swift in Sources */ = {isa = PBXBuildFile; fileRef = DF26ECC11FA8D0EB007119C5 /* NewFriendViewController.swift */; };
		DFD79C791FA787FA002391A6 /* AppDelegate.swift in Sources */ = {isa = PBXBuildFile; fileRef = DFD79C781FA787FA002391A6 /* AppDelegate.swift */; };
		DFD79C7B1FA787FA002391A6 /* FriendViewController.swift in Sources */ = {isa = PBXBuildFile; fileRef = DFD79C7A1FA787FA002391A6 /* FriendViewController.swift */; };
		DFD79C7E1FA787FA002391A6 /* Main.storyboard in Resources */ = {isa = PBXBuildFile; fileRef = DFD79C7C1FA787FA002391A6 /* Main.storyboard */; };
		DFD79C801FA787FA002391A6 /* Assets.xcassets in Resources */ = {isa = PBXBuildFile; fileRef = DFD79C7F1FA787FA002391A6 /* Assets.xcassets */; };
		DFD79C831FA787FA002391A6 /* LaunchScreen.storyboard in Resources */ = {isa = PBXBuildFile; fileRef = DFD79C811FA787FA002391A6 /* LaunchScreen.storyboard */; };
		DFD79C8E1FA7907C002391A6 /* FriendTableViewCell.swift in Sources */ = {isa = PBXBuildFile; fileRef = DFD79C8D1FA7907C002391A6 /* FriendTableViewCell.swift */; };
		DFD79C911FA79307002391A6 /* DataService.swift in Sources */ = {isa = PBXBuildFile; fileRef = DFD79C901FA79307002391A6 /* DataService.swift */; };
		DFD79C931FA794DE002391A6 /* Friend.swift in Sources */ = {isa = PBXBuildFile; fileRef = DFD79C921FA794DE002391A6 /* Friend.swift */; };
/* End PBXBuildFile section */

/* Begin PBXFileReference section */
		DF26ECC11FA8D0EB007119C5 /* NewFriendViewController.swift */ = {isa = PBXFileReference; lastKnownFileType = sourcecode.swift; path = NewFriendViewController.swift; sourceTree = "<group>"; };
		DFD79C751FA787FA002391A6 /* Mood Tracker.app */ = {isa = PBXFileReference; explicitFileType = wrapper.application; includeInIndex = 0; path = "Mood Tracker.app"; sourceTree = BUILT_PRODUCTS_DIR; };
		DFD79C781FA787FA002391A6 /* AppDelegate.swift */ = {isa = PBXFileReference; lastKnownFileType = sourcecode.swift; path = AppDelegate.swift; sourceTree = "<group>"; };
		DFD79C7A1FA787FA002391A6 /* FriendViewController.swift */ = {isa = PBXFileReference; lastKnownFileType = sourcecode.swift; path = FriendViewController.swift; sourceTree = "<group>"; };
		DFD79C7D1FA787FA002391A6 /* Base */ = {isa = PBXFileReference; lastKnownFileType = file.storyboard; name = Base; path = Base.lproj/Main.storyboard; sourceTree = "<group>"; };
		DFD79C7F1FA787FA002391A6 /* Assets.xcassets */ = {isa = PBXFileReference; lastKnownFileType = folder.assetcatalog; path = Assets.xcassets; sourceTree = "<group>"; };
		DFD79C821FA787FA002391A6 /* Base */ = {isa = PBXFileReference; lastKnownFileType = file.storyboard; name = Base; path = Base.lproj/LaunchScreen.storyboard; sourceTree = "<group>"; };
		DFD79C841FA787FA002391A6 /* Info.plist */ = {isa = PBXFileReference; lastKnownFileType = text.plist.xml; path = Info.plist; sourceTree = "<group>"; };
		DFD79C8D1FA7907C002391A6 /* FriendTableViewCell.swift */ = {isa = PBXFileReference; lastKnownFileType = sourcecode.swift; path = FriendTableViewCell.swift; sourceTree = "<group>"; };
		DFD79C901FA79307002391A6 /* DataService.swift */ = {isa = PBXFileReference; lastKnownFileType = sourcecode.swift; path = DataService.swift; sourceTree = "<group>"; };
		DFD79C921FA794DE002391A6 /* Friend.swift */ = {isa = PBXFileReference; lastKnownFileType = sourcecode.swift; path = Friend.swift; sourceTree = "<group>"; };
/* End PBXFileReference section */

/* Begin PBXFrameworksBuildPhase section */
		DFD79C721FA787FA002391A6 /* Frameworks */ = {
			isa = PBXFrameworksBuildPhase;
			buildActionMask = 2147483647;
			files = (
			);
			runOnlyForDeploymentPostprocessing = 0;
		};
/* End PBXFrameworksBuildPhase section */

/* Begin PBXGroup section */
		DFD79C6C1FA787FA002391A6 = {
			isa = PBXGroup;
			children = (
				DFD79C771FA787FA002391A6 /* Mood Tracker */,
				DFD79C761FA787FA002391A6 /* Products */,
			);
			sourceTree = "<group>";
		};
		DFD79C761FA787FA002391A6 /* Products */ = {
			isa = PBXGroup;
			children = (
				DFD79C751FA787FA002391A6 /* Mood Tracker.app */,
			);
			name = Products;
			sourceTree = "<group>";
		};
		DFD79C771FA787FA002391A6 /* Mood Tracker */ = {
			isa = PBXGroup;
			children = (
				DFD79C8F1FA792E8002391A6 /* Service */,
				DFD79C8C1FA79047002391A6 /* Model */,
				DFD79C8B1FA79041002391A6 /* View */,
				DFD79C8A1FA79037002391A6 /* Controller */,
				DFD79C781FA787FA002391A6 /* AppDelegate.swift */,
				DFD79C7C1FA787FA002391A6 /* Main.storyboard */,
				DFD79C7F1FA787FA002391A6 /* Assets.xcassets */,
				DFD79C811FA787FA002391A6 /* LaunchScreen.storyboard */,
				DFD79C841FA787FA002391A6 /* Info.plist */,
			);
			path = "Mood Tracker";
			sourceTree = "<group>";
		};
		DFD79C8A1FA79037002391A6 /* Controller */ = {
			isa = PBXGroup;
			children = (
				DFD79C7A1FA787FA002391A6 /* FriendViewController.swift */,
				DF26ECC11FA8D0EB007119C5 /* NewFriendViewController.swift */,
			);
			path = Controller;
			sourceTree = "<group>";
		};
		DFD79C8B1FA79041002391A6 /* View */ = {
			isa = PBXGroup;
			children = (
				DFD79C8D1FA7907C002391A6 /* FriendTableViewCell.swift */,
			);
			path = View;
			sourceTree = "<group>";
		};
		DFD79C8C1FA79047002391A6 /* Model */ = {
			isa = PBXGroup;
			children = (
				DFD79C921FA794DE002391A6 /* Friend.swift */,
			);
			path = Model;
			sourceTree = "<group>";
		};
		DFD79C8F1FA792E8002391A6 /* Service */ = {
			isa = PBXGroup;
			children = (
				DFD79C901FA79307002391A6 /* DataService.swift */,
			);
			path = Service;
			sourceTree = "<group>";
		};
/* End PBXGroup section */

/* Begin PBXNativeTarget section */
		DFD79C741FA787FA002391A6 /* Mood Tracker */ = {
			isa = PBXNativeTarget;
			buildConfigurationList = DFD79C871FA787FA002391A6 /* Build configuration list for PBXNativeTarget "Mood Tracker" */;
			buildPhases = (
				DFD79C711FA787FA002391A6 /* Sources */,
				DFD79C721FA787FA002391A6 /* Frameworks */,
				DFD79C731FA787FA002391A6 /* Resources */,
			);
			buildRules = (
			);
			dependencies = (
			);
			name = "Mood Tracker";
			productName = "Mood Tracker";
			productReference = DFD79C751FA787FA002391A6 /* Mood Tracker.app */;
			productType = "com.apple.product-type.application";
		};
/* End PBXNativeTarget section */

/* Begin PBXProject section */
		DFD79C6D1FA787FA002391A6 /* Project object */ = {
			isa = PBXProject;
			attributes = {
				LastSwiftUpdateCheck = 0900;
				LastUpgradeCheck = 0900;
				ORGANIZATIONNAME = "Joshua Geronimo";
				TargetAttributes = {
					DFD79C741FA787FA002391A6 = {
						CreatedOnToolsVersion = 9.0.1;
						ProvisioningStyle = Automatic;
					};
				};
			};
			buildConfigurationList = DFD79C701FA787FA002391A6 /* Build configuration list for PBXProject "Mood Tracker" */;
			compatibilityVersion = "Xcode 8.0";
			developmentRegion = en;
			hasScannedForEncodings = 0;
			knownRegions = (
				en,
				Base,
			);
			mainGroup = DFD79C6C1FA787FA002391A6;
			productRefGroup = DFD79C761FA787FA002391A6 /* Products */;
			projectDirPath = "";
			projectRoot = "";
			targets = (
				DFD79C741FA787FA002391A6 /* Mood Tracker */,
			);
		};
/* End PBXProject section */

/* Begin PBXResourcesBuildPhase section */
		DFD79C731FA787FA002391A6 /* Resources */ = {
			isa = PBXResourcesBuildPhase;
			buildActionMask = 2147483647;
			files = (
				DFD79C831FA787FA002391A6 /* LaunchScreen.storyboard in Resources */,
				DFD79C801FA787FA002391A6 /* Assets.xcassets in Resources */,
				DFD79C7E1FA787FA002391A6 /* Main.storyboard in Resources */,
			);
			runOnlyForDeploymentPostprocessing = 0;
		};
/* End PBXResourcesBuildPhase section */

/* Begin PBXSourcesBuildPhase section */
		DFD79C711FA787FA002391A6 /* Sources */ = {
			isa = PBXSourcesBuildPhase;
			buildActionMask = 2147483647;
			files = (
				DFD79C8E1FA7907C002391A6 /* FriendTableViewCell.swift in Sources */,
				DF26ECC21FA8D0EB007119C5 /* NewFriendViewController.swift in Sources */,
				DFD79C7B1FA787FA002391A6 /* FriendViewController.swift in Sources */,
				DFD79C931FA794DE002391A6 /* Friend.swift in Sources */,
				DFD79C791FA787FA002391A6 /* AppDelegate.swift in Sources */,
				DFD79C911FA79307002391A6 /* DataService.swift in Sources */,
			);
			runOnlyForDeploymentPostprocessing = 0;
		};
/* End PBXSourcesBuildPhase section */

/* Begin PBXVariantGroup section */
		DFD79C7C1FA787FA002391A6 /* Main.storyboard */ = {
			isa = PBXVariantGroup;
			children = (
				DFD79C7D1FA787FA002391A6 /* Base */,
			);
			name = Main.storyboard;
			sourceTree = "<group>";
		};
		DFD79C811FA787FA002391A6 /* LaunchScreen.storyboard */ = {
			isa = PBXVariantGroup;
			children = (
				DFD79C821FA787FA002391A6 /* Base */,
			);
			name = LaunchScreen.storyboard;
			sourceTree = "<group>";
		};
/* End PBXVariantGroup section */

/* Begin XCBuildConfiguration section */
		DFD79C851FA787FA002391A6 /* Debug */ = {
			isa = XCBuildConfiguration;
			buildSettings = {
				ALWAYS_SEARCH_USER_PATHS = NO;
				CLANG_ANALYZER_NONNULL = YES;
				CLANG_ANALYZER_NUMBER_OBJECT_CONVERSION = YES_AGGRESSIVE;
				CLANG_CXX_LANGUAGE_STANDARD = "gnu++14";
				CLANG_CXX_LIBRARY = "libc++";
				CLANG_ENABLE_MODULES = YES;
				CLANG_ENABLE_OBJC_ARC = YES;
				CLANG_WARN_BLOCK_CAPTURE_AUTORELEASING = YES;
				CLANG_WARN_BOOL_CONVERSION = YES;
				CLANG_WARN_COMMA = YES;
				CLANG_WARN_CONSTANT_CONVERSION = YES;
				CLANG_WARN_DIRECT_OBJC_ISA_USAGE = YES_ERROR;
				CLANG_WARN_DOCUMENTATION_COMMENTS = YES;
				CLANG_WARN_EMPTY_BODY = YES;
				CLANG_WARN_ENUM_CONVERSION = YES;
				CLANG_WARN_INFINITE_RECURSION = YES;
				CLANG_WARN_INT_CONVERSION = YES;
				CLANG_WARN_NON_LITERAL_NULL_CONVERSION = YES;
				CLANG_WARN_OBJC_LITERAL_CONVERSION = YES;
				CLANG_WARN_OBJC_ROOT_CLASS = YES_ERROR;
				CLANG_WARN_RANGE_LOOP_ANALYSIS = YES;
				CLANG_WARN_STRICT_PROTOTYPES = YES;
				CLANG_WARN_SUSPICIOUS_MOVE = YES;
				CLANG_WARN_UNGUARDED_AVAILABILITY = YES_AGGRESSIVE;
				CLANG_WARN_UNREACHABLE_CODE = YES;
				CLANG_WARN__DUPLICATE_METHOD_MATCH = YES;
				CODE_SIGN_IDENTITY = "iPhone Developer";
				COPY_PHASE_STRIP = NO;
				DEBUG_INFORMATION_FORMAT = dwarf;
				ENABLE_STRICT_OBJC_MSGSEND = YES;
				ENABLE_TESTABILITY = YES;
				GCC_C_LANGUAGE_STANDARD = gnu11;
				GCC_DYNAMIC_NO_PIC = NO;
				GCC_NO_COMMON_BLOCKS = YES;
				GCC_OPTIMIZATION_LEVEL = 0;
				GCC_PREPROCESSOR_DEFINITIONS = (
					"DEBUG=1",
					"$(inherited)",
				);
				GCC_WARN_64_TO_32_BIT_CONVERSION = YES;
				GCC_WARN_ABOUT_RETURN_TYPE = YES_ERROR;
				GCC_WARN_UNDECLARED_SELECTOR = YES;
				GCC_WARN_UNINITIALIZED_AUTOS = YES_AGGRESSIVE;
				GCC_WARN_UNUSED_FUNCTION = YES;
				GCC_WARN_UNUSED_VARIABLE = YES;
				IPHONEOS_DEPLOYMENT_TARGET = 11.0;
				MTL_ENABLE_DEBUG_INFO = YES;
				ONLY_ACTIVE_ARCH = YES;
				SDKROOT = iphoneos;
				SWIFT_ACTIVE_COMPILATION_CONDITIONS = DEBUG;
				SWIFT_OPTIMIZATION_LEVEL = "-Onone";
			};
			name = Debug;
		};
		DFD79C861FA787FA002391A6 /* Release */ = {
			isa = XCBuildConfiguration;
			buildSettings = {
				ALWAYS_SEARCH_USER_PATHS = NO;
				CLANG_ANALYZER_NONNULL = YES;
				CLANG_ANALYZER_NUMBER_OBJECT_CONVERSION = YES_AGGRESSIVE;
				CLANG_CXX_LANGUAGE_STANDARD = "gnu++14";
				CLANG_CXX_LIBRARY = "libc++";
				CLANG_ENABLE_MODULES = YES;
				CLANG_ENABLE_OBJC_ARC = YES;
				CLANG_WARN_BLOCK_CAPTURE_AUTORELEASING = YES;
				CLANG_WARN_BOOL_CONVERSION = YES;
				CLANG_WARN_COMMA = YES;
				CLANG_WARN_CONSTANT_CONVERSION = YES;
				CLANG_WARN_DIRECT_OBJC_ISA_USAGE = YES_ERROR;
				CLANG_WARN_DOCUMENTATION_COMMENTS = YES;
				CLANG_WARN_EMPTY_BODY = YES;
				CLANG_WARN_ENUM_CONVERSION = YES;
				CLANG_WARN_INFINITE_RECURSION = YES;
				CLANG_WARN_INT_CONVERSION = YES;
				CLANG_WARN_NON_LITERAL_NULL_CONVERSION = YES;
				CLANG_WARN_OBJC_LITERAL_CONVERSION = YES;
				CLANG_WARN_OBJC_ROOT_CLASS = YES_ERROR;
				CLANG_WARN_RANGE_LOOP_ANALYSIS = YES;
				CLANG_WARN_STRICT_PROTOTYPES = YES;
				CLANG_WARN_SUSPICIOUS_MOVE = YES;
				CLANG_WARN_UNGUARDED_AVAILABILITY = YES_AGGRESSIVE;
				CLANG_WARN_UNREACHABLE_CODE = YES;
				CLANG_WARN__DUPLICATE_METHOD_MATCH = YES;
				CODE_SIGN_IDENTITY = "iPhone Developer";
				COPY_PHASE_STRIP = NO;
				DEBUG_INFORMATION_FORMAT = "dwarf-with-dsym";
				ENABLE_NS_ASSERTIONS = NO;
				ENABLE_STRICT_OBJC_MSGSEND = YES;
				GCC_C_LANGUAGE_STANDARD = gnu11;
				GCC_NO_COMMON_BLOCKS = YES;
				GCC_WARN_64_TO_32_BIT_CONVERSION = YES;
				GCC_WARN_ABOUT_RETURN_TYPE = YES_ERROR;
				GCC_WARN_UNDECLARED_SELECTOR = YES;
				GCC_WARN_UNINITIALIZED_AUTOS = YES_AGGRESSIVE;
				GCC_WARN_UNUSED_FUNCTION = YES;
				GCC_WARN_UNUSED_VARIABLE = YES;
				IPHONEOS_DEPLOYMENT_TARGET = 11.0;
				MTL_ENABLE_DEBUG_INFO = NO;
				SDKROOT = iphoneos;
				SWIFT_OPTIMIZATION_LEVEL = "-Owholemodule";
				VALIDATE_PRODUCT = YES;
			};
			name = Release;
		};
		DFD79C881FA787FA002391A6 /* Debug */ = {
			isa = XCBuildConfiguration;
			buildSettings = {
				ASSETCATALOG_COMPILER_APPICON_NAME = AppIcon;
				CODE_SIGN_STYLE = Automatic;
				DEVELOPMENT_TEAM = 436Y3QLM8L;
				INFOPLIST_FILE = "Mood Tracker/Info.plist";
				LD_RUNPATH_SEARCH_PATHS = "$(inherited) @executable_path/Frameworks";
				PRODUCT_BUNDLE_IDENTIFIER = "com.geronimoapp.Mood-Tracker";
				PRODUCT_NAME = "$(TARGET_NAME)";
				SWIFT_VERSION = 4.0;
				TARGETED_DEVICE_FAMILY = "1,2";
			};
			name = Debug;
		};
		DFD79C891FA787FA002391A6 /* Release */ = {
			isa = XCBuildConfiguration;
			buildSettings = {
				ASSETCATALOG_COMPILER_APPICON_NAME = AppIcon;
				CODE_SIGN_STYLE = Automatic;
				DEVELOPMENT_TEAM = 436Y3QLM8L;
				INFOPLIST_FILE = "Mood Tracker/Info.plist";
				LD_RUNPATH_SEARCH_PATHS = "$(inherited) @executable_path/Frameworks";
				PRODUCT_BUNDLE_IDENTIFIER = "com.geronimoapp.Mood-Tracker";
				PRODUCT_NAME = "$(TARGET_NAME)";
				SWIFT_VERSION = 4.0;
				TARGETED_DEVICE_FAMILY = "1,2";
			};
			name = Release;
		};
/* End XCBuildConfiguration section */

/* Begin XCConfigurationList section */
		DFD79C701FA787FA002391A6 /* Build configuration list for PBXProject "Mood Tracker" */ = {
			isa = XCConfigurationList;
			buildConfigurations = (
				DFD79C851FA787FA002391A6 /* Debug */,
				DFD79C861FA787FA002391A6 /* Release */,
			);
			defaultConfigurationIsVisible = 0;
			defaultConfigurationName = Release;
		};
		DFD79C871FA787FA002391A6 /* Build configuration list for PBXNativeTarget "Mood Tracker" */ = {
			isa = XCConfigurationList;
			buildConfigurations = (
				DFD79C881FA787FA002391A6 /* Debug */,
				DFD79C891FA787FA002391A6 /* Release */,
			);
			defaultConfigurationIsVisible = 0;
			defaultConfigurationName = Release;
		};
/* End XCConfigurationList section */
	};
	rootObject = DFD79C6D1FA787FA002391A6 /* Project object */;
}
